<?xml version="1.0" encoding="utf-8"?>
<Project ToolsVersion="4.0" xmlns="http://schemas.microsoft.com/developer/msbuild/2003">
  <ItemGroup>
    <Filter Include="Source Files">
      <UniqueIdentifier>{4FC737F1-C7A5-4376-A066-2A32D752A2FF}</UniqueIdentifier>
      <Extensions>cpp;c;cc;cxx;def;odl;idl;hpj;bat;asm;asmx</Extensions>
    </Filter>
    <Filter Include="Header Files">
      <UniqueIdentifier>{93995380-89BD-4b04-88EB-625FBE52EBFB}</UniqueIdentifier>
      <Extensions>h;hh;hpp;hxx;hm;inl;inc;ipp;xsd</Extensions>
    </Filter>
    <Filter Include="Resource Files">
      <UniqueIdentifier>{67DA6AB6-F800-4c08-8B7A-83BB121AAD01}</UniqueIdentifier>
      <Extensions>rc;ico;cur;bmp;dlg;rc2;rct;bin;rgs;gif;jpg;jpeg;jpe;resx;tiff;tif;png;wav;mfcribbon-ms</Extensions>
    </Filter>
    <Filter Include="Header Files\Base code">
      <UniqueIdentifier>{4b290693-6603-4523-8e53-87265e72421f}</UniqueIdentifier>
    </Filter>
    <Filter Include="Header Files\Entity">
      <UniqueIdentifier>{c9493de2-5a26-4f5f-8a4a-03f69dedccbb}</UniqueIdentifier>
    </Filter>
    <Filter Include="Header Files\other">
      <UniqueIdentifier>{01d4d7b7-602a-48dd-98a1-fb46410fe207}</UniqueIdentifier>
    </Filter>
    <Filter Include="Source Files\Base code">
      <UniqueIdentifier>{0ec49815-f7ea-4e40-a565-5814df951fa7}</UniqueIdentifier>
    </Filter>
    <Filter Include="Source Files\Entity">
      <UniqueIdentifier>{20b3c87c-87c3-42e0-90d1-71b68b0a104b}</UniqueIdentifier>
    </Filter>
    <Filter Include="Source Files\other">
      <UniqueIdentifier>{a7dce427-ac28-4b7c-a986-c29df77e7135}</UniqueIdentifier>
    </Filter>
    <Filter Include="Header Files\Entity\EnemyTypes">
      <UniqueIdentifier>{8db53a62-59fa-4153-9235-f29c9aa0e4c6}</UniqueIdentifier>
    </Filter>
    <Filter Include="Source Files\Entity\EnemyType">
      <UniqueIdentifier>{9babde43-d7a8-4685-992e-d1c8d1de45f6}</UniqueIdentifier>
    </Filter>
  </ItemGroup>
  <ItemGroup>
    <ClCompile Include="main.cpp">
      <Filter>Source Files\Base code</Filter>
    </ClCompile>
    <ClCompile Include="game.cpp">
      <Filter>Source Files\Base code</Filter>
    </ClCompile>
    <ClCompile Include="window.cpp">
      <Filter>Source Files\Base code</Filter>
    </ClCompile>
    <ClCompile Include="World.cpp">
      <Filter>Source Files\other</Filter>
    </ClCompile>
    <ClCompile Include="Enemy.cpp">
      <Filter>Source Files\Entity</Filter>
    </ClCompile>
    <ClCompile Include="Player.cpp">
      <Filter>Source Files\Entity</Filter>
    </ClCompile>
    <ClCompile Include="Spawner.cpp">
      <Filter>Source Files\other</Filter>
    </ClCompile>
    <ClCompile Include="normEnemy.cpp">
      <Filter>Source Files\Entity\EnemyType</Filter>
    </ClCompile>
    <ClCompile Include="tankEnemy.cpp">
      <Filter>Source Files\Entity\EnemyType</Filter>
    </ClCompile>
    <ClCompile Include="quickEnemy.cpp">
      <Filter>Source Files\Entity\EnemyType</Filter>
    </ClCompile>
  </ItemGroup>
  <ItemGroup>
    <ClInclude Include="window.h">
      <Filter>Header Files\Base code</Filter>
    </ClInclude>
    <ClInclude Include="game.h">
      <Filter>Header Files\Base code</Filter>
    </ClInclude>
    <ClInclude Include="Bullet.h">
      <Filter>Header Files\Entity</Filter>
    </ClInclude>
    <ClInclude Include="Enemy.h">
      <Filter>Header Files\Entity</Filter>
    </ClInclude>
    <ClInclude Include="Player.h">
      <Filter>Header Files\Entity</Filter>
    </ClInclude>
    <ClInclude Include="World.h">
      <Filter>Header Files\other</Filter>
    </ClInclude>
    <ClInclude Include="Spawner.h">
      <Filter>Header Files\other</Filter>
    </ClInclude>
    <ClInclude Include="TextBox.h">
      <Filter>Header Files\other</Filter>
    </ClInclude>
    <ClInclude Include="normEnemy.h">
      <Filter>Header Files\Entity\EnemyTypes</Filter>
    </ClInclude>
    <ClInclude Include="tankEnemy.h">
      <Filter>Header Files\Entity\EnemyTypes</Filter>
    </ClInclude>
    <ClInclude Include="quickEnemy.h">
      <Filter>Header Files\Entity\EnemyTypes</Filter>
    </ClInclude>
  </ItemGroup>
</Project>